PODS:
  - InputBarAccessoryView (4.3.3):
    - InputBarAccessoryView/Core (= 4.3.3)
  - InputBarAccessoryView/Core (4.3.3)
  - MessageKit (3.1.1):
    - InputBarAccessoryView (~> 4.3.0)
  - SDWebImage (5.11.1):
    - SDWebImage/Core (= 5.11.1)
  - SDWebImage/Core (5.11.1)

DEPENDENCIES:
  - MessageKit
  - SDWebImage

SPEC REPOS:
  trunk:
    - InputBarAccessoryView
    - MessageKit
    - SDWebImage

SPEC CHECKSUMS:
  InputBarAccessoryView: 8e7fc09e9cba75e0fee5da13450e15c194806f69
  MessageKit: a3e612a54a24f5d9ca0295760749b481afd3f2da
  SDWebImage: a7f831e1a65eb5e285e3fb046a23fcfbf08e696d

PODFILE CHECKSUM: c5caecea9e36233e5dfb3c9ee46b91396185db21

COCOAPODS: 1.10.2
